
Microsoft Visual Studio Solution File, Format Version 12.00
# Visual Studio 2012
Project("{FAE04EC0-301F-11D3-BF4B-00C04F79EFBC}") = "HelloCSharp", "HelloCSharp\HelloCSharp.csproj", "{C0C45BF4-9164-489A-96A2-EC9DFE98C9CA}"
EndProject
Global
	GlobalSection(SolutionConfigurationPlatforms) = preSolution
		Debug|Any CPU = Debug|Any CPU
		Release|Any CPU = Release|Any CPU
	EndGlobalSection
	GlobalSection(ProjectConfigurationPlatforms) = postSolution
		{C0C45BF4-9164-489A-96A2-EC9DFE98C9CA}.Debug|Any CPU.ActiveCfg = Debug|Any CPU
		{C0C45BF4-9164-489A-96A2-EC9DFE98C9CA}.Debug|Any CPU.Build.0 = Debug|Any CPU
		{C0C45BF4-9164-489A-96A2-EC9DFE98C9CA}.Release|Any CPU.ActiveCfg = Release|Any CPU
		{C0C45BF4-9164-489A-96A2-EC9DFE98C9CA}.Release|Any CPU.Build.0 = Release|Any CPU
	EndGlobalSection
	GlobalSection(SolutionProperties) = preSolution
		HideSolutionNode = FALSE
	EndGlobalSection
EndGlobal
